Microsoft Visual Studio Solution File, Format Version 12.00
# Visual Studio Version 17
VisualStudioVersion = 17.5.2.0
MinimumVisualStudioVersion = 10.0.40219.1
Project("{FAE04EC0-301F-11D3-BF4B-00C04F79EFBC}") = "TheAgent", "TheAgent\TheAgent.csproj", "{B433D426-E3A5-6E58-D5B5-EC94A37E8A99}"
EndProject
Project("{FAE04EC0-301F-11D3-BF4B-00C04F79EFBC}") = "TheAgent.Tests", "TheAgent.Tests\TheAgent.Tests.csproj", "{AB14D6EC-032E-7451-EA7E-6EC0F5E19EF1}"
EndProject
Global
	GlobalSection(SolutionConfigurationPlatforms) = preSolution
		Debug|Any CPU = Debug|Any CPU
		Release|Any CPU = Release|Any CPU
	EndGlobalSection
	GlobalSection(ProjectConfigurationPlatforms) = postSolution
		{B433D426-E3A5-6E58-D5B5-EC94A37E8A99}.Debug|Any CPU.ActiveCfg = Debug|Any CPU
		{B433D426-E3A5-6E58-D5B5-EC94A37E8A99}.Debug|Any CPU.Build.0 = Debug|Any CPU
		{B433D426-E3A5-6E58-D5B5-EC94A37E8A99}.Release|Any CPU.ActiveCfg = Release|Any CPU
		{B433D426-E3A5-6E58-D5B5-EC94A37E8A99}.Release|Any CPU.Build.0 = Release|Any CPU
		{AB14D6EC-032E-7451-EA7E-6EC0F5E19EF1}.Debug|Any CPU.ActiveCfg = Debug|Any CPU
		{AB14D6EC-032E-7451-EA7E-6EC0F5E19EF1}.Debug|Any CPU.Build.0 = Debug|Any CPU
		{AB14D6EC-032E-7451-EA7E-6EC0F5E19EF1}.Release|Any CPU.ActiveCfg = Release|Any CPU
		{AB14D6EC-032E-7451-EA7E-6EC0F5E19EF1}.Release|Any CPU.Build.0 = Release|Any CPU
	EndGlobalSection
	GlobalSection(SolutionProperties) = preSolution
		HideSolutionNode = FALSE
	EndGlobalSection
	GlobalSection(ExtensibilityGlobals) = postSolution
		SolutionGuid = {FFE1B159-117B-4D10-8F81-72E1866FFF3D}
	EndGlobalSection
EndGlobal
